
Microsoft Visual Studio Solution File, Format Version 12.00
Project("{FAE04EC0-301F-11D3-BF4B-00C04F79EFBC}") = "Task2", "Task2\Task2.csproj", "{7DA8D5D2-857F-4E7A-B898-E06431E1B89A}"
EndProject
Project("{FAE04EC0-301F-11D3-BF4B-00C04F79EFBC}") = "Task2Test", "Task2Test\Task2Test.csproj", "{6C01CF48-39C1-4186-9045-787A4A089070}"
EndProject
Global
	GlobalSection(SolutionConfigurationPlatforms) = preSolution
		Debug|Any CPU = Debug|Any CPU
		Release|Any CPU = Release|Any CPU
	EndGlobalSection
	GlobalSection(ProjectConfigurationPlatforms) = postSolution
		{7DA8D5D2-857F-4E7A-B898-E06431E1B89A}.Debug|Any CPU.ActiveCfg = Debug|Any CPU
		{7DA8D5D2-857F-4E7A-B898-E06431E1B89A}.Debug|Any CPU.Build.0 = Debug|Any CPU
		{7DA8D5D2-857F-4E7A-B898-E06431E1B89A}.Release|Any CPU.ActiveCfg = Release|Any CPU
		{7DA8D5D2-857F-4E7A-B898-E06431E1B89A}.Release|Any CPU.Build.0 = Release|Any CPU
		{6C01CF48-39C1-4186-9045-787A4A089070}.Debug|Any CPU.ActiveCfg = Debug|Any CPU
		{6C01CF48-39C1-4186-9045-787A4A089070}.Debug|Any CPU.Build.0 = Debug|Any CPU
		{6C01CF48-39C1-4186-9045-787A4A089070}.Release|Any CPU.ActiveCfg = Release|Any CPU
		{6C01CF48-39C1-4186-9045-787A4A089070}.Release|Any CPU.Build.0 = Release|Any CPU
	EndGlobalSection
EndGlobal
