
Microsoft Visual Studio Solution File, Format Version 12.00
Project("{FAE04EC0-301F-11D3-BF4B-00C04F79EFBC}") = "Test1", "Test1\Test1.csproj", "{FF873606-C217-4215-A674-200DBAA16999}"
EndProject
Global
	GlobalSection(SolutionConfigurationPlatforms) = preSolution
		Debug|Any CPU = Debug|Any CPU
		Release|Any CPU = Release|Any CPU
	EndGlobalSection
	GlobalSection(ProjectConfigurationPlatforms) = postSolution
		{FF873606-C217-4215-A674-200DBAA16999}.Debug|Any CPU.ActiveCfg = Debug|Any CPU
		{FF873606-C217-4215-A674-200DBAA16999}.Debug|Any CPU.Build.0 = Debug|Any CPU
		{FF873606-C217-4215-A674-200DBAA16999}.Release|Any CPU.ActiveCfg = Release|Any CPU
		{FF873606-C217-4215-A674-200DBAA16999}.Release|Any CPU.Build.0 = Release|Any CPU
	EndGlobalSection
EndGlobal
